
Microsoft Visual Studio Solution File, Format Version 12.00
# Visual Studio Version 17
VisualStudioVersion = 17.0.32112.339
MinimumVisualStudioVersion = 10.0.40219.1
Project("{9A19103F-16F7-4668-BE54-9A1E7A4F7556}") = "Lahor.API", "Lahor.API\Lahor.API.csproj", "{0CB57708-573A-4001-A48D-55A6761C9946}"
EndProject
Project("{9A19103F-16F7-4668-BE54-9A1E7A4F7556}") = "Lahor.Core", "Lahor.Core\Lahor.Core.csproj", "{1BD24560-8DB4-484B-A3C9-A538A9ADC589}"
EndProject
Project("{9A19103F-16F7-4668-BE54-9A1E7A4F7556}") = "Lahor.Infrastructure", "Lahor.Infrastructure\Lahor.Infrastructure.csproj", "{093351C3-D8C8-48CD-8789-DF638454C1CA}"
EndProject
Project("{9A19103F-16F7-4668-BE54-9A1E7A4F7556}") = "Lahor.Services", "Lahor.Services\Lahor.Services.csproj", "{E051A944-5972-4E09-9F19-F70BE4D415A0}"
EndProject
Project("{9A19103F-16F7-4668-BE54-9A1E7A4F7556}") = "Lahor.Shared", "Lahor.Shared\Lahor.Shared.csproj", "{377B0270-A0BF-4AB9-99DB-A3EB87A8FFAE}"
EndProject
Project("{FAE04EC0-301F-11D3-BF4B-00C04F79EFBC}") = "Lahor.Reporting", "Lahor.Reporting\Lahor.Reporting.csproj", "{70C5217F-60C4-4682-B222-4ECD8EED3363}"
EndProject
Global
	GlobalSection(SolutionConfigurationPlatforms) = preSolution
		Debug|Any CPU = Debug|Any CPU
		Release|Any CPU = Release|Any CPU
	EndGlobalSection
	GlobalSection(ProjectConfigurationPlatforms) = postSolution
		{0CB57708-573A-4001-A48D-55A6761C9946}.Debug|Any CPU.ActiveCfg = Debug|Any CPU
		{0CB57708-573A-4001-A48D-55A6761C9946}.Debug|Any CPU.Build.0 = Debug|Any CPU
		{0CB57708-573A-4001-A48D-55A6761C9946}.Release|Any CPU.ActiveCfg = Release|Any CPU
		{0CB57708-573A-4001-A48D-55A6761C9946}.Release|Any CPU.Build.0 = Release|Any CPU
		{1BD24560-8DB4-484B-A3C9-A538A9ADC589}.Debug|Any CPU.ActiveCfg = Debug|Any CPU
		{1BD24560-8DB4-484B-A3C9-A538A9ADC589}.Debug|Any CPU.Build.0 = Debug|Any CPU
		{1BD24560-8DB4-484B-A3C9-A538A9ADC589}.Release|Any CPU.ActiveCfg = Release|Any CPU
		{1BD24560-8DB4-484B-A3C9-A538A9ADC589}.Release|Any CPU.Build.0 = Release|Any CPU
		{093351C3-D8C8-48CD-8789-DF638454C1CA}.Debug|Any CPU.ActiveCfg = Debug|Any CPU
		{093351C3-D8C8-48CD-8789-DF638454C1CA}.Debug|Any CPU.Build.0 = Debug|Any CPU
		{093351C3-D8C8-48CD-8789-DF638454C1CA}.Release|Any CPU.ActiveCfg = Release|Any CPU
		{093351C3-D8C8-48CD-8789-DF638454C1CA}.Release|Any CPU.Build.0 = Release|Any CPU
		{E051A944-5972-4E09-9F19-F70BE4D415A0}.Debug|Any CPU.ActiveCfg = Debug|Any CPU
		{E051A944-5972-4E09-9F19-F70BE4D415A0}.Debug|Any CPU.Build.0 = Debug|Any CPU
		{E051A944-5972-4E09-9F19-F70BE4D415A0}.Release|Any CPU.ActiveCfg = Release|Any CPU
		{E051A944-5972-4E09-9F19-F70BE4D415A0}.Release|Any CPU.Build.0 = Release|Any CPU
		{377B0270-A0BF-4AB9-99DB-A3EB87A8FFAE}.Debug|Any CPU.ActiveCfg = Debug|Any CPU
		{377B0270-A0BF-4AB9-99DB-A3EB87A8FFAE}.Debug|Any CPU.Build.0 = Debug|Any CPU
		{377B0270-A0BF-4AB9-99DB-A3EB87A8FFAE}.Release|Any CPU.ActiveCfg = Release|Any CPU
		{377B0270-A0BF-4AB9-99DB-A3EB87A8FFAE}.Release|Any CPU.Build.0 = Release|Any CPU
		{70C5217F-60C4-4682-B222-4ECD8EED3363}.Debug|Any CPU.ActiveCfg = Debug|Any CPU
		{70C5217F-60C4-4682-B222-4ECD8EED3363}.Debug|Any CPU.Build.0 = Debug|Any CPU
		{70C5217F-60C4-4682-B222-4ECD8EED3363}.Release|Any CPU.ActiveCfg = Release|Any CPU
		{70C5217F-60C4-4682-B222-4ECD8EED3363}.Release|Any CPU.Build.0 = Release|Any CPU
	EndGlobalSection
	GlobalSection(SolutionProperties) = preSolution
		HideSolutionNode = FALSE
	EndGlobalSection
	GlobalSection(ExtensibilityGlobals) = postSolution
		SolutionGuid = {738047DE-13E6-4ABF-B7A5-C4A2EB9A108B}
	EndGlobalSection
EndGlobal
